
Microsoft Visual Studio Solution File, Format Version 12.00
# Visual Studio 15
VisualStudioVersion = 15.0.26430.13
MinimumVisualStudioVersion = 10.0.40219.1
Project("{9A19103F-16F7-4668-BE54-9A1E7A4F7556}") = "ChemBotFunctions", "ChemBotFunctions\ChemBotFunctions.csproj", "{6DCC96A1-229A-4C1B-A068-EDC599FC01B1}"
EndProject
Project("{9A19103F-16F7-4668-BE54-9A1E7A4F7556}") = "ChemBotFunctions.Tests", "ChemBotFunctions.Tests\ChemBotFunctions.Tests.csproj", "{9714691D-ACA7-4A8B-9B27-2A281A6D5754}"
EndProject
Global
	GlobalSection(SolutionConfigurationPlatforms) = preSolution
		Debug|Any CPU = Debug|Any CPU
		Release|Any CPU = Release|Any CPU
	EndGlobalSection
	GlobalSection(ProjectConfigurationPlatforms) = postSolution
		{6DCC96A1-229A-4C1B-A068-EDC599FC01B1}.Debug|Any CPU.ActiveCfg = Debug|Any CPU
		{6DCC96A1-229A-4C1B-A068-EDC599FC01B1}.Debug|Any CPU.Build.0 = Debug|Any CPU
		{6DCC96A1-229A-4C1B-A068-EDC599FC01B1}.Release|Any CPU.ActiveCfg = Release|Any CPU
		{6DCC96A1-229A-4C1B-A068-EDC599FC01B1}.Release|Any CPU.Build.0 = Release|Any CPU
		{9714691D-ACA7-4A8B-9B27-2A281A6D5754}.Debug|Any CPU.ActiveCfg = Debug|Any CPU
		{9714691D-ACA7-4A8B-9B27-2A281A6D5754}.Debug|Any CPU.Build.0 = Debug|Any CPU
		{9714691D-ACA7-4A8B-9B27-2A281A6D5754}.Release|Any CPU.ActiveCfg = Release|Any CPU
		{9714691D-ACA7-4A8B-9B27-2A281A6D5754}.Release|Any CPU.Build.0 = Release|Any CPU
	EndGlobalSection
	GlobalSection(SolutionProperties) = preSolution
		HideSolutionNode = FALSE
	EndGlobalSection
EndGlobal
